# This file is generated by running "yarn install" inside your project.
# Manual changes might be lost - proceed with caution!

__metadata:
  version: 4
  cacheKey: 8

"@fastify/ajv-compiler@npm:^1.0.0":
  version: 1.1.0
  resolution: "@fastify/ajv-compiler@npm:1.1.0"
  dependencies:
    ajv: ^6.12.6
  checksum: b8a2522ead00a01ab7ff2921f00aa8e4aeb943949191ce2a617c88e4679db1358a70e4099791828a397a50e5d6f6bd75184ad0ac75a12dffeb9df4c089986a32
  languageName: node
  linkType: hard

"@tsconfig/node14@npm:^1.0.1":
  version: 1.0.1
  resolution: "@tsconfig/node14@npm:1.0.1"
  checksum: 976345e896c0f059867f94f8d0f6ddb8b1844fb62bf36b727de8a9a68f024857e5db97ed51d3325e23e0616a5e48c034ff51a8d595b3fe7e955f3587540489be
  languageName: node
  linkType: hard

"@types/node@npm:^16.6.1":
  version: 16.6.1
  resolution: "@types/node@npm:16.6.1"
  checksum: c13aa0da0c2bf9070e521d1b537ba38f64b213dd1b8aeec66c279fc21f8c0ccaf380364f6dc2ec8f84440c4cd1460b67dfe47de2cafcb6eaf4b648817cb27dc4
  languageName: node
  linkType: hard

"abstract-logging@npm:^2.0.0":
  version: 2.0.1
  resolution: "abstract-logging@npm:2.0.1"
  checksum: 6967d15e5abbafd17f56eaf30ba8278c99333586fa4f7935fd80e93cfdc006c37fcc819c5d63ee373a12e6cb2d0417f7c3c6b9e42b957a25af9937d26749415e
  languageName: node
  linkType: hard

"ajv@npm:^6.11.0, ajv@npm:^6.12.2, ajv@npm:^6.12.6":
  version: 6.12.6
  resolution: "ajv@npm:6.12.6"
  dependencies:
    fast-deep-equal: ^3.1.1
    fast-json-stable-stringify: ^2.0.0
    json-schema-traverse: ^0.4.1
    uri-js: ^4.2.2
  checksum: 874972efe5c4202ab0a68379481fbd3d1b5d0a7bd6d3cc21d40d3536ebff3352a2a1fabb632d4fd2cc7fe4cbdcd5ed6782084c9bbf7f32a1536d18f9da5007d4
  languageName: node
  linkType: hard

"archy@npm:^1.0.0":
  version: 1.0.0
  resolution: "archy@npm:1.0.0"
  checksum: 504ae7af655130bab9f471343cfdb054feaec7d8e300e13348bc9fe9e660f83d422e473069584f73233c701ae37d1c8452ff2522f2a20c38849e0f406f1732ac
  languageName: node
  linkType: hard

"atomic-sleep@npm:^1.0.0":
  version: 1.0.0
  resolution: "atomic-sleep@npm:1.0.0"
  checksum: b95275afb2f80732f22f43a60178430c468906a415a7ff18bcd0feeebc8eec3930b51250aeda91a476062a90e07132b43a1794e8d8ffcf9b650e8139be75fa36
  languageName: node
  linkType: hard

"avvio@npm:^7.1.2":
  version: 7.2.2
  resolution: "avvio@npm:7.2.2"
  dependencies:
    archy: ^1.0.0
    debug: ^4.0.0
    fastq: ^1.6.1
    queue-microtask: ^1.1.2
  checksum: ece793dd148dbb50e24f40dacf4852b804405fc1cd34ce794659ffc020c6de41695d87999edc0bb2573c802eaa7766493859dbc432d5dc0079381f318c2705a1
  languageName: node
  linkType: hard

"buffer-from@npm:^1.0.0":
  version: 1.1.2
  resolution: "buffer-from@npm:1.1.2"
  checksum: 0448524a562b37d4d7ed9efd91685a5b77a50672c556ea254ac9a6d30e3403a517d8981f10e565db24e8339413b43c97ca2951f10e399c6125a0d8911f5679bb
  languageName: node
  linkType: hard

"cookie@npm:^0.4.0":
  version: 0.4.1
  resolution: "cookie@npm:0.4.1"
  checksum: bd7c47f5d94ab70ccdfe8210cde7d725880d2fcda06d8e375afbdd82de0c8d3b73541996e9ce57d35f67f672c4ee6d60208adec06b3c5fc94cebb85196084cf8
  languageName: node
  linkType: hard

"debug@npm:^4.0.0":
  version: 4.3.2
  resolution: "debug@npm:4.3.2"
  dependencies:
    ms: 2.1.2
  peerDependenciesMeta:
    supports-color:
      optional: true
  checksum: 820ea160e267e23c953c9ed87e7ad93494d8cda2f7349af5e7e3bb236d23707ee3022f477d5a7d2ee86ef2bf7d60aa9ab22d1f58080d7deb9dccd073585e1e43
  languageName: node
  linkType: hard

"deepmerge@npm:^4.2.2":
  version: 4.2.2
  resolution: "deepmerge@npm:4.2.2"
  checksum: a8c43a1ed8d6d1ed2b5bf569fa4c8eb9f0924034baf75d5d406e47e157a451075c4db353efea7b6bcc56ec48116a8ce72fccf867b6e078e7c561904b5897530b
  languageName: node
  linkType: hard

"dotenv@npm:^10.0.0":
  version: 10.0.0
  resolution: "dotenv@npm:10.0.0"
  checksum: f412c5fe8c24fbe313d302d2500e247ba8a1946492db405a4de4d30dd0eb186a88a43f13c958c5a7de303938949c4231c56994f97d05c4bc1f22478d631b4005
  languageName: node
  linkType: hard

"fast-decode-uri-component@npm:^1.0.1":
  version: 1.0.1
  resolution: "fast-decode-uri-component@npm:1.0.1"
  checksum: 427a48fe0907e76f0e9a2c228e253b4d8a8ab21d130ee9e4bb8339c5ba4086235cf9576831f7b20955a752eae4b525a177ff9d5825dd8d416e7726939194fbee
  languageName: node
  linkType: hard

"fast-deep-equal@npm:^3.1.1, fast-deep-equal@npm:^3.1.3":
  version: 3.1.3
  resolution: "fast-deep-equal@npm:3.1.3"
  checksum: e21a9d8d84f53493b6aa15efc9cfd53dd5b714a1f23f67fb5dc8f574af80df889b3bce25dc081887c6d25457cce704e636395333abad896ccdec03abaf1f3f9d
  languageName: node
  linkType: hard

"fast-json-stable-stringify@npm:^2.0.0":
  version: 2.1.0
  resolution: "fast-json-stable-stringify@npm:2.1.0"
  checksum: b191531e36c607977e5b1c47811158733c34ccb3bfde92c44798929e9b4154884378536d26ad90dfecd32e1ffc09c545d23535ad91b3161a27ddbb8ebe0cbecb
  languageName: node
  linkType: hard

"fast-json-stringify@npm:^2.5.2":
  version: 2.7.8
  resolution: "fast-json-stringify@npm:2.7.8"
  dependencies:
    ajv: ^6.11.0
    deepmerge: ^4.2.2
    rfdc: ^1.2.0
    string-similarity: ^4.0.1
  checksum: 78699673bf2852aa3d0984d697de745fca7c5515a79ee13cfc0c754e579807e1fc0a9aa0c18e7b1e8b3378facf6045bc67a4b28b59c6f6048256043a3fbd2c68
  languageName: node
  linkType: hard

"fast-redact@npm:^3.0.0":
  version: 3.0.1
  resolution: "fast-redact@npm:3.0.1"
  checksum: 89de97ea5cdb32c8ba127c48cf789dd9011dcca72513aa5bb268262fdc6402834b8060782821559c5891bd049c53572f3c6fdb1f4cd26d788614f1dcb01ba39a
  languageName: node
  linkType: hard

"fast-safe-stringify@npm:^2.0.8":
  version: 2.0.8
  resolution: "fast-safe-stringify@npm:2.0.8"
  checksum: be8a07f342817e80c37286509355f91170bd89be9c1df9512ba0c5a61ce20ccf9bdae42ccf65e1fa3834734c78fc524121f709303ebbb97d22df3cb03ff9d7a5
  languageName: node
  linkType: hard

"fastify-cors@npm:^6.0.2":
  version: 6.0.2
  resolution: "fastify-cors@npm:6.0.2"
  dependencies:
    fastify-plugin: ^3.0.0
    vary: ^1.1.2
  checksum: f600eb30d2259bf0277c3df72c73f09f6891f3984c62e1c9a7489f0d6b2ffb1749dbe9a79a05ad74b08a660c1a707c9fb7636c20b87d07eae0e6efd9c951fd03
  languageName: node
  linkType: hard

"fastify-error@npm:^0.3.0":
  version: 0.3.1
  resolution: "fastify-error@npm:0.3.1"
  checksum: fd6a0f6f87b5e4ab59a4d3d66124bd13830a1cf85cf1987259dfb1175fc6a4bcae68b076ad78f6bb06654f72af133b44813090e9ce5502d2ef56ddcb2b0fa867
  languageName: node
  linkType: hard

"fastify-plugin@npm:^3.0.0":
  version: 3.0.0
  resolution: "fastify-plugin@npm:3.0.0"
  checksum: 00324690789ee02f977ab58ba70d937e2e420a6813a6aa7ae3ba47e34022dc8ac40e15a36ab14a67d94474de984398b1c8b30279fb51d92966f5d3d3ebd1b6fa
  languageName: node
  linkType: hard

"fastify-warning@npm:^0.2.0":
  version: 0.2.0
  resolution: "fastify-warning@npm:0.2.0"
  checksum: c19ebccf54a3122877d2248400772ca98bacbabdf97826211ede29246c640d47431a2eebed1f52f9421139ed5e52e42d3bd4aefc46e27b6f34add3507529fd97
  languageName: node
  linkType: hard

"fastify@npm:^3.20.1":
  version: 3.20.1
  resolution: "fastify@npm:3.20.1"
  dependencies:
    "@fastify/ajv-compiler": ^1.0.0
    abstract-logging: ^2.0.0
    avvio: ^7.1.2
    fast-json-stringify: ^2.5.2
    fastify-error: ^0.3.0
    fastify-warning: ^0.2.0
    find-my-way: ^4.1.0
    flatstr: ^1.0.12
    light-my-request: ^4.2.0
    pino: ^6.13.0
    proxy-addr: ^2.0.7
    readable-stream: ^3.4.0
    rfdc: ^1.1.4
    secure-json-parse: ^2.0.0
    semver: ^7.3.2
    tiny-lru: ^7.0.0
  checksum: e6742daf0ff7aa95c21ee5ca3dc46c39f270d708981c8952b0e7cb35285c41f3b53ff59933e90169a6c813bbe65e34d0eed722b734dcad1681c1f9c5e691248e
  languageName: node
  linkType: hard

"fastq@npm:^1.6.1":
  version: 1.11.1
  resolution: "fastq@npm:1.11.1"
  dependencies:
    reusify: ^1.0.4
  checksum: 3877a63bee4f63af9277d6169a766804c9e1c7829a070b6843c5b799aa72177e71465427889c96510e5608c334dd3c912ab0b3ca70c1c8c4c1b03449d9f2c5ba
  languageName: node
  linkType: hard

"find-my-way@npm:^4.1.0":
  version: 4.3.3
  resolution: "find-my-way@npm:4.3.3"
  dependencies:
    fast-decode-uri-component: ^1.0.1
    fast-deep-equal: ^3.1.3
    safe-regex2: ^2.0.0
    semver-store: ^0.3.0
  checksum: c5f212d2d2a5e76be91a86409b2de9391a1c3cf5210d357facf0fe91d1e46608865aa2396a98a8d4772116bfae2eb0b05abe4efa725d5cf3cc9b9554bb34e048
  languageName: node
  linkType: hard

"flatstr@npm:^1.0.12":
  version: 1.0.12
  resolution: "flatstr@npm:1.0.12"
  checksum: e1bb562c94b119e958bf37e55738b172b5f8aaae6532b9660ecd877779f8559dbbc89613ba6b29ccc13447e14c59277d41450f785cf75c30df9fce62f459e9a8
  languageName: node
  linkType: hard

"forwarded@npm:0.2.0":
  version: 0.2.0
  resolution: "forwarded@npm:0.2.0"
  checksum: fd27e2394d8887ebd16a66ffc889dc983fbbd797d5d3f01087c020283c0f019a7d05ee85669383d8e0d216b116d720fc0cef2f6e9b7eb9f4c90c6e0bc7fd28e6
  languageName: node
  linkType: hard

"inherits@npm:^2.0.3":
  version: 2.0.4
  resolution: "inherits@npm:2.0.4"
  checksum: 4a48a733847879d6cf6691860a6b1e3f0f4754176e4d71494c41f3475553768b10f84b5ce1d40fbd0e34e6bfbb864ee35858ad4dd2cf31e02fc4a154b724d7f1
  languageName: node
  linkType: hard

"ipaddr.js@npm:1.9.1":
  version: 1.9.1
  resolution: "ipaddr.js@npm:1.9.1"
  checksum: f88d3825981486f5a1942414c8d77dd6674dd71c065adcfa46f578d677edcb99fda25af42675cb59db492fdf427b34a5abfcde3982da11a8fd83a500b41cfe77
  languageName: node
  linkType: hard

"json-schema-traverse@npm:^0.4.1":
  version: 0.4.1
  resolution: "json-schema-traverse@npm:0.4.1"
  checksum: 7486074d3ba247769fda17d5181b345c9fb7d12e0da98b22d1d71a5db9698d8b4bd900a3ec1a4ffdd60846fc2556274a5c894d0c48795f14cb03aeae7b55260b
  languageName: node
  linkType: hard

"light-my-request@npm:^4.2.0":
  version: 4.4.1
  resolution: "light-my-request@npm:4.4.1"
  dependencies:
    ajv: ^6.12.2
    cookie: ^0.4.0
    fastify-warning: ^0.2.0
    readable-stream: ^3.6.0
    set-cookie-parser: ^2.4.1
  checksum: f701296c0ec67c400ee3b6dcb6320fdca2816eed64abd7a6a20a12afa70b0d8843737eda3c548f64838399ea30f1f938462815158854c83f9ff8266dee40d129
  languageName: node
  linkType: hard

"lru-cache@npm:^6.0.0":
  version: 6.0.0
  resolution: "lru-cache@npm:6.0.0"
  dependencies:
    yallist: ^4.0.0
  checksum: f97f499f898f23e4585742138a22f22526254fdba6d75d41a1c2526b3b6cc5747ef59c5612ba7375f42aca4f8461950e925ba08c991ead0651b4918b7c978297
  languageName: node
  linkType: hard

"ms@npm:2.1.2":
  version: 2.1.2
  resolution: "ms@npm:2.1.2"
  checksum: 673cdb2c3133eb050c745908d8ce632ed2c02d85640e2edb3ace856a2266a813b30c613569bf3354fdf4ea7d1a1494add3bfa95e2713baa27d0c2c71fc44f58f
  languageName: node
  linkType: hard

"pino-std-serializers@npm:^3.1.0":
  version: 3.2.0
  resolution: "pino-std-serializers@npm:3.2.0"
  checksum: 77e29675b116e42ae9fe6d4ef52ef3a082ffc54922b122d85935f93ddcc20277f0b0c873c5c6c5274a67b0409c672aaae3de6bcea10a2d84699718dda55ba95b
  languageName: node
  linkType: hard

"pino@npm:^6.13.0":
  version: 6.13.0
  resolution: "pino@npm:6.13.0"
  dependencies:
    fast-redact: ^3.0.0
    fast-safe-stringify: ^2.0.8
    flatstr: ^1.0.12
    pino-std-serializers: ^3.1.0
    quick-format-unescaped: ^4.0.3
    sonic-boom: ^1.0.2
  bin:
    pino: bin.js
  checksum: 7145de4287f03bc3f7ff4de0cdacfcfea9d843e5759c90f95f6a245b6898964387f6bd24813749333c23684186bc79d91a2d03f28512f2c4a3f8bc6773316a1c
  languageName: node
  linkType: hard

"proxy-addr@npm:^2.0.7":
  version: 2.0.7
  resolution: "proxy-addr@npm:2.0.7"
  dependencies:
    forwarded: 0.2.0
    ipaddr.js: 1.9.1
  checksum: 29c6990ce9364648255454842f06f8c46fcd124d3e6d7c5066df44662de63cdc0bad032e9bf5a3d653ff72141cc7b6019873d685708ac8210c30458ad99f2b74
  languageName: node
  linkType: hard

"punycode@npm:^2.1.0":
  version: 2.1.1
  resolution: "punycode@npm:2.1.1"
  checksum: 823bf443c6dd14f669984dea25757b37993f67e8d94698996064035edd43bed8a5a17a9f12e439c2b35df1078c6bec05a6c86e336209eb1061e8025c481168e8
  languageName: node
  linkType: hard

"queue-microtask@npm:^1.1.2":
  version: 1.2.3
  resolution: "queue-microtask@npm:1.2.3"
  checksum: b676f8c040cdc5b12723ad2f91414d267605b26419d5c821ff03befa817ddd10e238d22b25d604920340fd73efd8ba795465a0377c4adf45a4a41e4234e42dc4
  languageName: node
  linkType: hard

"quick-format-unescaped@npm:^4.0.3":
  version: 4.0.3
  resolution: "quick-format-unescaped@npm:4.0.3"
  checksum: 28dd3f3fbfec385cdca779e905d48c1a4623ee1f8071f060c7b38625eded5b5472433ae38ec09b8f8d968b443dfda7aa156811c59c4dfe0b52b73c3bc6d714ed
  languageName: node
  linkType: hard

"readable-stream@npm:^3.4.0, readable-stream@npm:^3.6.0":
  version: 3.6.0
  resolution: "readable-stream@npm:3.6.0"
  dependencies:
    inherits: ^2.0.3
    string_decoder: ^1.1.1
    util-deprecate: ^1.0.1
  checksum: d4ea81502d3799439bb955a3a5d1d808592cf3133350ed352aeaa499647858b27b1c4013984900238b0873ec8d0d8defce72469fb7a83e61d53f5ad61cb80dc8
  languageName: node
  linkType: hard

"ret@npm:~0.2.0":
  version: 0.2.2
  resolution: "ret@npm:0.2.2"
  checksum: 774964bb413a3525e687bca92d81c1cd75555ec33147c32ecca22f3d06409e35df87952cfe3d57afff7650a0f7e42139cf60cb44e94c29dde390243bc1941f16
  languageName: node
  linkType: hard

"reusify@npm:^1.0.4":
  version: 1.0.4
  resolution: "reusify@npm:1.0.4"
  checksum: c3076ebcc22a6bc252cb0b9c77561795256c22b757f40c0d8110b1300723f15ec0fc8685e8d4ea6d7666f36c79ccc793b1939c748bf36f18f542744a4e379fcc
  languageName: node
  linkType: hard

"rfdc@npm:^1.1.4, rfdc@npm:^1.2.0":
  version: 1.3.0
  resolution: "rfdc@npm:1.3.0"
  checksum: fb2ba8512e43519983b4c61bd3fa77c0f410eff6bae68b08614437bc3f35f91362215f7b4a73cbda6f67330b5746ce07db5dd9850ad3edc91271ad6deea0df32
  languageName: node
  linkType: hard

"safe-buffer@npm:~5.2.0":
  version: 5.2.1
  resolution: "safe-buffer@npm:5.2.1"
  checksum: b99c4b41fdd67a6aaf280fcd05e9ffb0813654894223afb78a31f14a19ad220bba8aba1cb14eddce1fcfb037155fe6de4e861784eb434f7d11ed58d1e70dd491
  languageName: node
  linkType: hard

"safe-regex2@npm:^2.0.0":
  version: 2.0.0
  resolution: "safe-regex2@npm:2.0.0"
  dependencies:
    ret: ~0.2.0
  checksum: f5e182fca040dedd50ae052ea0eb035d9903b2db71243d5d8b43299735857288ef2ab52546a368d9c6fd1333b2a0d039297925e78ffc14845354f3f6158af7c2
  languageName: node
  linkType: hard

"secure-json-parse@npm:^2.0.0":
  version: 2.4.0
  resolution: "secure-json-parse@npm:2.4.0"
  checksum: efaafcaa08a4646ca829b29168474f57fb289a0ca7a1d77b66b55a0292785bc6eb9143b21cfc50b37dd12a823c25b12aa1771f18314ed5a616a1f8f12a318533
  languageName: node
  linkType: hard

"semver-store@npm:^0.3.0":
  version: 0.3.0
  resolution: "semver-store@npm:0.3.0"
  checksum: b38f747123e850191526a912657c653c7e5963d164a8daf99e52aa30bc8c5bdac176dc6dab714e17a1a8489ac138c18ff7161b1961f1882888bce637990442dd
  languageName: node
  linkType: hard

"semver@npm:^7.3.2":
  version: 7.3.5
  resolution: "semver@npm:7.3.5"
  dependencies:
    lru-cache: ^6.0.0
  bin:
    semver: bin/semver.js
  checksum: 5eafe6102bea2a7439897c1856362e31cc348ccf96efd455c8b5bc2c61e6f7e7b8250dc26b8828c1d76a56f818a7ee907a36ae9fb37a599d3d24609207001d60
  languageName: node
  linkType: hard

"set-cookie-parser@npm:^2.4.1":
  version: 2.4.8
  resolution: "set-cookie-parser@npm:2.4.8"
  checksum: e15b5df9a56ab06d4895286033a6aff7b318ad024310df058b5821b3539cc06f716ef529618cac0dd78df40e37830de715f388c0f97f84062dd9be2326efcd0c
  languageName: node
  linkType: hard

"simple-echo-api@workspace:.":
  version: 0.0.0-use.local
  resolution: "simple-echo-api@workspace:."
  dependencies:
    "@tsconfig/node14": ^1.0.1
    "@types/node": ^16.6.1
    dotenv: ^10.0.0
    fastify: ^3.20.1
    fastify-cors: ^6.0.2
    source-map-support: ^0.5.19
    typescript: ^4.3.5
  languageName: unknown
  linkType: soft

"sonic-boom@npm:^1.0.2":
  version: 1.4.1
  resolution: "sonic-boom@npm:1.4.1"
  dependencies:
    atomic-sleep: ^1.0.0
    flatstr: ^1.0.12
  checksum: 189fa8fe5c2dc05d3513fc1a4926a2f16f132fa6fa0b511745a436010cdcd9c1d3b3cb6a9d7c05bd32a965dc77673a5ac0eb0992e920bdedd16330d95323124f
  languageName: node
  linkType: hard

"source-map-support@npm:^0.5.19":
  version: 0.5.19
  resolution: "source-map-support@npm:0.5.19"
  dependencies:
    buffer-from: ^1.0.0
    source-map: ^0.6.0
  checksum: c72802fdba9cb62b92baef18cc14cc4047608b77f0353e6c36dd993444149a466a2845332c5540d4a6630957254f0f68f4ef5a0120c33d2e83974c51a05afbac
  languageName: node
  linkType: hard

"source-map@npm:^0.6.0":
  version: 0.6.1
  resolution: "source-map@npm:0.6.1"
  checksum: 59ce8640cf3f3124f64ac289012c2b8bd377c238e316fb323ea22fbfe83da07d81e000071d7242cad7a23cd91c7de98e4df8830ec3f133cb6133a5f6e9f67bc2
  languageName: node
  linkType: hard

"string-similarity@npm:^4.0.1":
  version: 4.0.4
  resolution: "string-similarity@npm:4.0.4"
  checksum: 797b41b24e1eb6b3b0ab896950b58c295a19a82933479c75f7b5279ffb63e0b456a8c8d10329c02f607ca1a50370e961e83d552aa468ff3b0fa15809abc9eff7
  languageName: node
  linkType: hard

"string_decoder@npm:^1.1.1":
  version: 1.3.0
  resolution: "string_decoder@npm:1.3.0"
  dependencies:
    safe-buffer: ~5.2.0
  checksum: 8417646695a66e73aefc4420eb3b84cc9ffd89572861fe004e6aeb13c7bc00e2f616247505d2dbbef24247c372f70268f594af7126f43548565c68c117bdeb56
  languageName: node
  linkType: hard

"tiny-lru@npm:^7.0.0":
  version: 7.0.6
  resolution: "tiny-lru@npm:7.0.6"
  checksum: 36a786a9111a3a358a698c9404783ad3f5396f6ed891672ffa4cd7dec4617abb8dfed6af7611bbaf8a3942a9475534c8b80f9bd58d7efa9aa594f395c9805f09
  languageName: node
  linkType: hard

typescript@^4.3.5:
  version: 4.3.5
  resolution: "typescript@npm:4.3.5"
  bin:
    tsc: bin/tsc
    tsserver: bin/tsserver
  checksum: bab033b5e2b0790dd35b77fd005df976ef80b8d84fd2c6e63cc31808151875beae9216e5a315fe7068e8499905c3c354248fe83272cdfc13b7705635f0c66c97
  languageName: node
  linkType: hard

"typescript@patch:typescript@^4.3.5#~builtin<compat/typescript>":
  version: 4.3.5
  resolution: "typescript@patch:typescript@npm%3A4.3.5#~builtin<compat/typescript>::version=4.3.5&hash=d8b4e7"
  bin:
    tsc: bin/tsc
    tsserver: bin/tsserver
  checksum: bc2c4fdf0f1557fdafe4ef74848c72ebd9c8c60829568248f869121aea2bb20e16649a252431d0acb185ec118143be22bed73d08f64379557810d82756afedde
  languageName: node
  linkType: hard

"uri-js@npm:^4.2.2":
  version: 4.4.1
  resolution: "uri-js@npm:4.4.1"
  dependencies:
    punycode: ^2.1.0
  checksum: 7167432de6817fe8e9e0c9684f1d2de2bb688c94388f7569f7dbdb1587c9f4ca2a77962f134ec90be0cc4d004c939ff0d05acc9f34a0db39a3c797dada262633
  languageName: node
  linkType: hard

"util-deprecate@npm:^1.0.1":
  version: 1.0.2
  resolution: "util-deprecate@npm:1.0.2"
  checksum: 474acf1146cb2701fe3b074892217553dfcf9a031280919ba1b8d651a068c9b15d863b7303cb15bd00a862b498e6cf4ad7b4a08fb134edd5a6f7641681cb54a2
  languageName: node
  linkType: hard

"vary@npm:^1.1.2":
  version: 1.1.2
  resolution: "vary@npm:1.1.2"
  checksum: ae0123222c6df65b437669d63dfa8c36cee20a504101b2fcd97b8bf76f91259c17f9f2b4d70a1e3c6bbcee7f51b28392833adb6b2770b23b01abec84e369660b
  languageName: node
  linkType: hard

"yallist@npm:^4.0.0":
  version: 4.0.0
  resolution: "yallist@npm:4.0.0"
  checksum: 343617202af32df2a15a3be36a5a8c0c8545208f3d3dfbc6bb7c3e3b7e8c6f8e7485432e4f3b88da3031a6e20afa7c711eded32ddfb122896ac5d914e75848d5
  languageName: node
  linkType: hard
