# This file is generated by running "yarn install" inside your project.
# Manual changes might be lost - proceed with caution!

__metadata:
  version: 4
  cacheKey: 8

"@fastify/ajv-compiler@npm:^1.0.0":
  version: 1.1.0
  resolution: "@fastify/ajv-compiler@npm:1.1.0"
  dependencies:
    ajv: ^6.12.6
  checksum: b8a2522ead00a01ab7ff2921f00aa8e4aeb943949191ce2a617c88e4679db1358a70e4099791828a397a50e5d6f6bd75184ad0ac75a12dffeb9df4c089986a32
  languageName: node
  linkType: hard

"@google-cloud/paginator@npm:^3.0.0":
  version: 3.0.5
  resolution: "@google-cloud/paginator@npm:3.0.5"
  dependencies:
    arrify: ^2.0.0
    extend: ^3.0.2
  checksum: a64fe9ba4d6906b80782ff0738c477024d650935a40ef82e3d923e61a5387b59c14dc8f04268c130c1432e77d38ca456d74074076d08452a1f985890e474ccb1
  languageName: node
  linkType: hard

"@google-cloud/precise-date@npm:^2.0.0":
  version: 2.0.3
  resolution: "@google-cloud/precise-date@npm:2.0.3"
  checksum: 39bb2944a3ab7c6d336bd2d290a13f775aad5a37a03190ada35b35fb938ebe57ae35119d9727e494699ae1ab46d98418cfb1d59b93d7a595a09bddca3301fbe1
  languageName: node
  linkType: hard

"@google-cloud/projectify@npm:^2.0.0":
  version: 2.1.0
  resolution: "@google-cloud/projectify@npm:2.1.0"
  checksum: 0d06838808221d0c9428405347d074726ae0b3df42d4435be193e75cd06678c9efa12997e52c27a7aae35449d7321c94aca427d7a76cf4308b91e4a6420fa7e3
  languageName: node
  linkType: hard

"@google-cloud/promisify@npm:^2.0.0":
  version: 2.0.3
  resolution: "@google-cloud/promisify@npm:2.0.3"
  checksum: 1b97afced39c87576ea15f2b47f29045d6270ac7dee7c2ed29e6fcee6c645474a634b06511d8d70616d032c58186d133d20ed9f6ca3bd1b8a8dc675b76beeeb2
  languageName: node
  linkType: hard

"@google-cloud/pubsub@npm:^2.16.6":
  version: 2.16.6
  resolution: "@google-cloud/pubsub@npm:2.16.6"
  dependencies:
    "@google-cloud/paginator": ^3.0.0
    "@google-cloud/precise-date": ^2.0.0
    "@google-cloud/projectify": ^2.0.0
    "@google-cloud/promisify": ^2.0.0
    "@opentelemetry/api": ^1.0.0
    "@opentelemetry/semantic-conventions": ^0.24.0
    "@types/duplexify": ^3.6.0
    "@types/long": ^4.0.0
    arrify: ^2.0.0
    extend: ^3.0.2
    google-auth-library: ^7.0.0
    google-gax: ^2.24.1
    is-stream-ended: ^0.1.4
    lodash.snakecase: ^4.1.1
    p-defer: ^3.0.0
  checksum: 8c87c846e5533d3384096c186993348915b813f1149e2d94bd3903d861b1203609b1248facd1505e0dcbdf8e7e8c823ecd2a8dddc3f9fb90583713b5d524d9e3
  languageName: node
  linkType: hard

"@grpc/grpc-js@npm:~1.3.0":
  version: 1.3.7
  resolution: "@grpc/grpc-js@npm:1.3.7"
  dependencies:
    "@types/node": ">=12.12.47"
  checksum: 8d02972968afd4c54aaa6acc47d1601c73adc03829370fe4ced6b98679ee0b8cd10bcaa3e1d4d35f4eccdbd5f3e10304a10ef0006798b560226da5979dc84899
  languageName: node
  linkType: hard

"@grpc/proto-loader@npm:^0.6.1":
  version: 0.6.4
  resolution: "@grpc/proto-loader@npm:0.6.4"
  dependencies:
    "@types/long": ^4.0.1
    lodash.camelcase: ^4.3.0
    long: ^4.0.0
    protobufjs: ^6.10.0
    yargs: ^16.1.1
  bin:
    proto-loader-gen-types: build/bin/proto-loader-gen-types.js
  checksum: 20c23f215cc3cbc25f16a6f90e5e25617419003c430c8e06608c26b53e108b23716387a43ea2a43f37b1135a31be35be97357922d68beb682ac5afed919eebf9
  languageName: node
  linkType: hard

"@opentelemetry/api@npm:^1.0.0":
  version: 1.0.2
  resolution: "@opentelemetry/api@npm:1.0.2"
  checksum: cb3ea3761a6e643b97b180bb5fea5e85c2d6cb5b7e352b989bd0772443d2edad16491e3f749034d8bb6ac3173d0bc10d2b4e753b602fb8b2a3352d7d25c914c8
  languageName: node
  linkType: hard

"@opentelemetry/semantic-conventions@npm:^0.24.0":
  version: 0.24.0
  resolution: "@opentelemetry/semantic-conventions@npm:0.24.0"
  checksum: 56e0e817a048ea6fcf28d5193b59ca5ed3b57bfb62bb1386be774d898951351c97afd9b41e6821858cbe5599c9ce3514ec64407e09fe73ccedaa7c90d358e5e7
  languageName: node
  linkType: hard

"@protobufjs/aspromise@npm:^1.1.1, @protobufjs/aspromise@npm:^1.1.2":
  version: 1.1.2
  resolution: "@protobufjs/aspromise@npm:1.1.2"
  checksum: 011fe7ef0826b0fd1a95935a033a3c0fd08483903e1aa8f8b4e0704e3233406abb9ee25350ec0c20bbecb2aad8da0dcea58b392bbd77d6690736f02c143865d2
  languageName: node
  linkType: hard

"@protobufjs/base64@npm:^1.1.2":
  version: 1.1.2
  resolution: "@protobufjs/base64@npm:1.1.2"
  checksum: 67173ac34de1e242c55da52c2f5bdc65505d82453893f9b51dc74af9fe4c065cf4a657a4538e91b0d4a1a1e0a0642215e31894c31650ff6e3831471061e1ee9e
  languageName: node
  linkType: hard

"@protobufjs/codegen@npm:^2.0.4":
  version: 2.0.4
  resolution: "@protobufjs/codegen@npm:2.0.4"
  checksum: 59240c850b1d3d0b56d8f8098dd04787dcaec5c5bd8de186fa548de86b86076e1c50e80144b90335e705a044edf5bc8b0998548474c2a10a98c7e004a1547e4b
  languageName: node
  linkType: hard

"@protobufjs/eventemitter@npm:^1.1.0":
  version: 1.1.0
  resolution: "@protobufjs/eventemitter@npm:1.1.0"
  checksum: 0369163a3d226851682f855f81413cbf166cd98f131edb94a0f67f79e75342d86e89df9d7a1df08ac28be2bc77e0a7f0200526bb6c2a407abbfee1f0262d5fd7
  languageName: node
  linkType: hard

"@protobufjs/fetch@npm:^1.1.0":
  version: 1.1.0
  resolution: "@protobufjs/fetch@npm:1.1.0"
  dependencies:
    "@protobufjs/aspromise": ^1.1.1
    "@protobufjs/inquire": ^1.1.0
  checksum: 3fce7e09eb3f1171dd55a192066450f65324fd5f7cc01a431df01bb00d0a895e6bfb5b0c5561ce157ee1d886349c90703d10a4e11a1a256418ff591b969b3477
  languageName: node
  linkType: hard

"@protobufjs/float@npm:^1.0.2":
  version: 1.0.2
  resolution: "@protobufjs/float@npm:1.0.2"
  checksum: 5781e1241270b8bd1591d324ca9e3a3128d2f768077a446187a049e36505e91bc4156ed5ac3159c3ce3d2ba3743dbc757b051b2d723eea9cd367bfd54ab29b2f
  languageName: node
  linkType: hard

"@protobufjs/inquire@npm:^1.1.0":
  version: 1.1.0
  resolution: "@protobufjs/inquire@npm:1.1.0"
  checksum: ca06f02eaf65ca36fb7498fc3492b7fc087bfcc85c702bac5b86fad34b692bdce4990e0ef444c1e2aea8c034227bd1f0484be02810d5d7e931c55445555646f4
  languageName: node
  linkType: hard

"@protobufjs/path@npm:^1.1.2":
  version: 1.1.2
  resolution: "@protobufjs/path@npm:1.1.2"
  checksum: 856eeb532b16a7aac071cacde5c5620df800db4c80cee6dbc56380524736205aae21e5ae47739114bf669ab5e8ba0e767a282ad894f3b5e124197cb9224445ee
  languageName: node
  linkType: hard

"@protobufjs/pool@npm:^1.1.0":
  version: 1.1.0
  resolution: "@protobufjs/pool@npm:1.1.0"
  checksum: d6a34fbbd24f729e2a10ee915b74e1d77d52214de626b921b2d77288bd8f2386808da2315080f2905761527cceffe7ec34c7647bd21a5ae41a25e8212ff79451
  languageName: node
  linkType: hard

"@protobufjs/utf8@npm:^1.1.0":
  version: 1.1.0
  resolution: "@protobufjs/utf8@npm:1.1.0"
  checksum: f9bf3163d13aaa3b6f5e6fbf37a116e094ea021c0e1f2a7ccd0e12a29e2ce08dafba4e8b36e13f8ed7397e1591610ce880ed1289af4d66cf4ace8a36a9557278
  languageName: node
  linkType: hard

"@tsconfig/node14@npm:^1.0.1":
  version: 1.0.1
  resolution: "@tsconfig/node14@npm:1.0.1"
  checksum: 976345e896c0f059867f94f8d0f6ddb8b1844fb62bf36b727de8a9a68f024857e5db97ed51d3325e23e0616a5e48c034ff51a8d595b3fe7e955f3587540489be
  languageName: node
  linkType: hard

"@types/duplexify@npm:^3.6.0":
  version: 3.6.0
  resolution: "@types/duplexify@npm:3.6.0"
  dependencies:
    "@types/node": "*"
  checksum: 2cc557506bcb847fc207c3abbf44a0f82331ed07a347bfc5524975eba3a6d8ce52d841521b857d037a448cf6f2fbcbc628c46e259729cd12d6e32558ce0b33ac
  languageName: node
  linkType: hard

"@types/long@npm:^4.0.0, @types/long@npm:^4.0.1":
  version: 4.0.1
  resolution: "@types/long@npm:4.0.1"
  checksum: ff9653c33f5000d0f131fd98a950a0343e2e33107dd067a97ac4a3b9678e1a2e39ea44772ad920f54ef6e8f107f76bc92c2584ba905a0dc4253282a4101166d0
  languageName: node
  linkType: hard

"@types/node@npm:*, @types/node@npm:>=12.12.47, @types/node@npm:>=13.7.0":
  version: 16.6.2
  resolution: "@types/node@npm:16.6.2"
  checksum: 2245e50058ac49ab3d76af5ded7fc655d783a88a800139dad6caaf962f15c909287853012c9461b49600741bcc2b09042f94ce734f0440b6ad444d838e62904a
  languageName: node
  linkType: hard

"@types/node@npm:^16.6.1":
  version: 16.6.1
  resolution: "@types/node@npm:16.6.1"
  checksum: c13aa0da0c2bf9070e521d1b537ba38f64b213dd1b8aeec66c279fc21f8c0ccaf380364f6dc2ec8f84440c4cd1460b67dfe47de2cafcb6eaf4b648817cb27dc4
  languageName: node
  linkType: hard

"abort-controller@npm:^3.0.0":
  version: 3.0.0
  resolution: "abort-controller@npm:3.0.0"
  dependencies:
    event-target-shim: ^5.0.0
  checksum: 170bdba9b47b7e65906a28c8ce4f38a7a369d78e2271706f020849c1bfe0ee2067d4261df8bbb66eb84f79208fd5b710df759d64191db58cfba7ce8ef9c54b75
  languageName: node
  linkType: hard

"abstract-logging@npm:^2.0.0":
  version: 2.0.1
  resolution: "abstract-logging@npm:2.0.1"
  checksum: 6967d15e5abbafd17f56eaf30ba8278c99333586fa4f7935fd80e93cfdc006c37fcc819c5d63ee373a12e6cb2d0417f7c3c6b9e42b957a25af9937d26749415e
  languageName: node
  linkType: hard

"agent-base@npm:6":
  version: 6.0.2
  resolution: "agent-base@npm:6.0.2"
  dependencies:
    debug: 4
  checksum: f52b6872cc96fd5f622071b71ef200e01c7c4c454ee68bc9accca90c98cfb39f2810e3e9aa330435835eedc8c23f4f8a15267f67c6e245d2b33757575bdac49d
  languageName: node
  linkType: hard

"ajv@npm:^6.11.0, ajv@npm:^6.12.2, ajv@npm:^6.12.6":
  version: 6.12.6
  resolution: "ajv@npm:6.12.6"
  dependencies:
    fast-deep-equal: ^3.1.1
    fast-json-stable-stringify: ^2.0.0
    json-schema-traverse: ^0.4.1
    uri-js: ^4.2.2
  checksum: 874972efe5c4202ab0a68379481fbd3d1b5d0a7bd6d3cc21d40d3536ebff3352a2a1fabb632d4fd2cc7fe4cbdcd5ed6782084c9bbf7f32a1536d18f9da5007d4
  languageName: node
  linkType: hard

"ansi-regex@npm:^5.0.0":
  version: 5.0.0
  resolution: "ansi-regex@npm:5.0.0"
  checksum: b1bb4e992a5d96327bb4f72eaba9f8047f1d808d273ad19d399e266bfcc7fb19a4d1a127a32f7bc61fe46f1a94a4d04ec4c424e3fbe184929aa866323d8ed4ce
  languageName: node
  linkType: hard

"ansi-styles@npm:^4.0.0":
  version: 4.3.0
  resolution: "ansi-styles@npm:4.3.0"
  dependencies:
    color-convert: ^2.0.1
  checksum: 513b44c3b2105dd14cc42a19271e80f386466c4be574bccf60b627432f9198571ebf4ab1e4c3ba17347658f4ee1711c163d574248c0c1cdc2d5917a0ad582ec4
  languageName: node
  linkType: hard

"archy@npm:^1.0.0":
  version: 1.0.0
  resolution: "archy@npm:1.0.0"
  checksum: 504ae7af655130bab9f471343cfdb054feaec7d8e300e13348bc9fe9e660f83d422e473069584f73233c701ae37d1c8452ff2522f2a20c38849e0f406f1732ac
  languageName: node
  linkType: hard

"arrify@npm:^2.0.0":
  version: 2.0.1
  resolution: "arrify@npm:2.0.1"
  checksum: 067c4c1afd182806a82e4c1cb8acee16ab8b5284fbca1ce29408e6e91281c36bb5b612f6ddfbd40a0f7a7e0c75bf2696eb94c027f6e328d6e9c52465c98e4209
  languageName: node
  linkType: hard

"atomic-sleep@npm:^1.0.0":
  version: 1.0.0
  resolution: "atomic-sleep@npm:1.0.0"
  checksum: b95275afb2f80732f22f43a60178430c468906a415a7ff18bcd0feeebc8eec3930b51250aeda91a476062a90e07132b43a1794e8d8ffcf9b650e8139be75fa36
  languageName: node
  linkType: hard

"avvio@npm:^7.1.2":
  version: 7.2.2
  resolution: "avvio@npm:7.2.2"
  dependencies:
    archy: ^1.0.0
    debug: ^4.0.0
    fastq: ^1.6.1
    queue-microtask: ^1.1.2
  checksum: ece793dd148dbb50e24f40dacf4852b804405fc1cd34ce794659ffc020c6de41695d87999edc0bb2573c802eaa7766493859dbc432d5dc0079381f318c2705a1
  languageName: node
  linkType: hard

"base64-js@npm:^1.3.0":
  version: 1.5.1
  resolution: "base64-js@npm:1.5.1"
  checksum: 669632eb3745404c2f822a18fc3a0122d2f9a7a13f7fb8b5823ee19d1d2ff9ee5b52c53367176ea4ad093c332fd5ab4bd0ebae5a8e27917a4105a4cfc86b1005
  languageName: node
  linkType: hard

"bignumber.js@npm:^9.0.0":
  version: 9.0.1
  resolution: "bignumber.js@npm:9.0.1"
  checksum: 6e72f6069d9db32fc8d27561164de9f811b15f9144be61f323d8b36150a239eea50c92e20ba38af2ba5e717af10b8ef12db8f9948fe2ff02bf17ede5239d15d3
  languageName: node
  linkType: hard

"buffer-equal-constant-time@npm:1.0.1":
  version: 1.0.1
  resolution: "buffer-equal-constant-time@npm:1.0.1"
  checksum: 80bb945f5d782a56f374b292770901065bad21420e34936ecbe949e57724b4a13874f735850dd1cc61f078773c4fb5493a41391e7bda40d1fa388d6bd80daaab
  languageName: node
  linkType: hard

"buffer-from@npm:^1.0.0":
  version: 1.1.2
  resolution: "buffer-from@npm:1.1.2"
  checksum: 0448524a562b37d4d7ed9efd91685a5b77a50672c556ea254ac9a6d30e3403a517d8981f10e565db24e8339413b43c97ca2951f10e399c6125a0d8911f5679bb
  languageName: node
  linkType: hard

"cliui@npm:^7.0.2":
  version: 7.0.4
  resolution: "cliui@npm:7.0.4"
  dependencies:
    string-width: ^4.2.0
    strip-ansi: ^6.0.0
    wrap-ansi: ^7.0.0
  checksum: ce2e8f578a4813806788ac399b9e866297740eecd4ad1823c27fd344d78b22c5f8597d548adbcc46f0573e43e21e751f39446c5a5e804a12aace402b7a315d7f
  languageName: node
  linkType: hard

"color-convert@npm:^2.0.1":
  version: 2.0.1
  resolution: "color-convert@npm:2.0.1"
  dependencies:
    color-name: ~1.1.4
  checksum: 79e6bdb9fd479a205c71d89574fccfb22bd9053bd98c6c4d870d65c132e5e904e6034978e55b43d69fcaa7433af2016ee203ce76eeba9cfa554b373e7f7db336
  languageName: node
  linkType: hard

"color-name@npm:~1.1.4":
  version: 1.1.4
  resolution: "color-name@npm:1.1.4"
  checksum: b0445859521eb4021cd0fb0cc1a75cecf67fceecae89b63f62b201cca8d345baf8b952c966862a9d9a2632987d4f6581f0ec8d957dfacece86f0a7919316f610
  languageName: node
  linkType: hard

"cookie@npm:^0.4.0":
  version: 0.4.1
  resolution: "cookie@npm:0.4.1"
  checksum: bd7c47f5d94ab70ccdfe8210cde7d725880d2fcda06d8e375afbdd82de0c8d3b73541996e9ce57d35f67f672c4ee6d60208adec06b3c5fc94cebb85196084cf8
  languageName: node
  linkType: hard

"debug@npm:4, debug@npm:^4.0.0, debug@npm:^4.1.1":
  version: 4.3.2
  resolution: "debug@npm:4.3.2"
  dependencies:
    ms: 2.1.2
  peerDependenciesMeta:
    supports-color:
      optional: true
  checksum: 820ea160e267e23c953c9ed87e7ad93494d8cda2f7349af5e7e3bb236d23707ee3022f477d5a7d2ee86ef2bf7d60aa9ab22d1f58080d7deb9dccd073585e1e43
  languageName: node
  linkType: hard

"deepmerge@npm:^4.2.2":
  version: 4.2.2
  resolution: "deepmerge@npm:4.2.2"
  checksum: a8c43a1ed8d6d1ed2b5bf569fa4c8eb9f0924034baf75d5d406e47e157a451075c4db353efea7b6bcc56ec48116a8ce72fccf867b6e078e7c561904b5897530b
  languageName: node
  linkType: hard

"dotenv@npm:^10.0.0":
  version: 10.0.0
  resolution: "dotenv@npm:10.0.0"
  checksum: f412c5fe8c24fbe313d302d2500e247ba8a1946492db405a4de4d30dd0eb186a88a43f13c958c5a7de303938949c4231c56994f97d05c4bc1f22478d631b4005
  languageName: node
  linkType: hard

"duplexify@npm:^4.0.0":
  version: 4.1.2
  resolution: "duplexify@npm:4.1.2"
  dependencies:
    end-of-stream: ^1.4.1
    inherits: ^2.0.3
    readable-stream: ^3.1.1
    stream-shift: ^1.0.0
  checksum: 964376c61c0e92f6ed0694b3ba97c84f199413dc40ab8dfdaef80b7a7f4982fcabf796214e28ed614a5bc1ec45488a29b81e7d46fa3f5ddf65bcb118c20145ad
  languageName: node
  linkType: hard

"ecdsa-sig-formatter@npm:1.0.11, ecdsa-sig-formatter@npm:^1.0.11":
  version: 1.0.11
  resolution: "ecdsa-sig-formatter@npm:1.0.11"
  dependencies:
    safe-buffer: ^5.0.1
  checksum: 207f9ab1c2669b8e65540bce29506134613dd5f122cccf1e6a560f4d63f2732d427d938f8481df175505aad94583bcb32c688737bb39a6df0625f903d6d93c03
  languageName: node
  linkType: hard

"emoji-regex@npm:^8.0.0":
  version: 8.0.0
  resolution: "emoji-regex@npm:8.0.0"
  checksum: d4c5c39d5a9868b5fa152f00cada8a936868fd3367f33f71be515ecee4c803132d11b31a6222b2571b1e5f7e13890156a94880345594d0ce7e3c9895f560f192
  languageName: node
  linkType: hard

"end-of-stream@npm:^1.4.1":
  version: 1.4.4
  resolution: "end-of-stream@npm:1.4.4"
  dependencies:
    once: ^1.4.0
  checksum: 530a5a5a1e517e962854a31693dbb5c0b2fc40b46dad2a56a2deec656ca040631124f4795823acc68238147805f8b021abbe221f4afed5ef3c8e8efc2024908b
  languageName: node
  linkType: hard

"escalade@npm:^3.1.1":
  version: 3.1.1
  resolution: "escalade@npm:3.1.1"
  checksum: a3e2a99f07acb74b3ad4989c48ca0c3140f69f923e56d0cba0526240ee470b91010f9d39001f2a4a313841d237ede70a729e92125191ba5d21e74b106800b133
  languageName: node
  linkType: hard

"event-target-shim@npm:^5.0.0":
  version: 5.0.1
  resolution: "event-target-shim@npm:5.0.1"
  checksum: 1ffe3bb22a6d51bdeb6bf6f7cf97d2ff4a74b017ad12284cc9e6a279e727dc30a5de6bb613e5596ff4dc3e517841339ad09a7eec44266eccb1aa201a30448166
  languageName: node
  linkType: hard

"extend@npm:^3.0.2":
  version: 3.0.2
  resolution: "extend@npm:3.0.2"
  checksum: a50a8309ca65ea5d426382ff09f33586527882cf532931cb08ca786ea3146c0553310bda688710ff61d7668eba9f96b923fe1420cdf56a2c3eaf30fcab87b515
  languageName: node
  linkType: hard

"fast-decode-uri-component@npm:^1.0.1":
  version: 1.0.1
  resolution: "fast-decode-uri-component@npm:1.0.1"
  checksum: 427a48fe0907e76f0e9a2c228e253b4d8a8ab21d130ee9e4bb8339c5ba4086235cf9576831f7b20955a752eae4b525a177ff9d5825dd8d416e7726939194fbee
  languageName: node
  linkType: hard

"fast-deep-equal@npm:^3.1.1, fast-deep-equal@npm:^3.1.3":
  version: 3.1.3
  resolution: "fast-deep-equal@npm:3.1.3"
  checksum: e21a9d8d84f53493b6aa15efc9cfd53dd5b714a1f23f67fb5dc8f574af80df889b3bce25dc081887c6d25457cce704e636395333abad896ccdec03abaf1f3f9d
  languageName: node
  linkType: hard

"fast-json-stable-stringify@npm:^2.0.0":
  version: 2.1.0
  resolution: "fast-json-stable-stringify@npm:2.1.0"
  checksum: b191531e36c607977e5b1c47811158733c34ccb3bfde92c44798929e9b4154884378536d26ad90dfecd32e1ffc09c545d23535ad91b3161a27ddbb8ebe0cbecb
  languageName: node
  linkType: hard

"fast-json-stringify@npm:^2.5.2":
  version: 2.7.8
  resolution: "fast-json-stringify@npm:2.7.8"
  dependencies:
    ajv: ^6.11.0
    deepmerge: ^4.2.2
    rfdc: ^1.2.0
    string-similarity: ^4.0.1
  checksum: 78699673bf2852aa3d0984d697de745fca7c5515a79ee13cfc0c754e579807e1fc0a9aa0c18e7b1e8b3378facf6045bc67a4b28b59c6f6048256043a3fbd2c68
  languageName: node
  linkType: hard

"fast-redact@npm:^3.0.0":
  version: 3.0.1
  resolution: "fast-redact@npm:3.0.1"
  checksum: 89de97ea5cdb32c8ba127c48cf789dd9011dcca72513aa5bb268262fdc6402834b8060782821559c5891bd049c53572f3c6fdb1f4cd26d788614f1dcb01ba39a
  languageName: node
  linkType: hard

"fast-safe-stringify@npm:^2.0.8":
  version: 2.0.8
  resolution: "fast-safe-stringify@npm:2.0.8"
  checksum: be8a07f342817e80c37286509355f91170bd89be9c1df9512ba0c5a61ce20ccf9bdae42ccf65e1fa3834734c78fc524121f709303ebbb97d22df3cb03ff9d7a5
  languageName: node
  linkType: hard

"fast-text-encoding@npm:^1.0.0, fast-text-encoding@npm:^1.0.3":
  version: 1.0.3
  resolution: "fast-text-encoding@npm:1.0.3"
  checksum: 3e51365896f06d0dcab128092d095a0037d274deec419fecbd2388bc236d7b387610e0c72f920c6126e00c885ab096fbfaa3645712f5b98f721bef6b064916a8
  languageName: node
  linkType: hard

"fastify-cors@npm:^6.0.2":
  version: 6.0.2
  resolution: "fastify-cors@npm:6.0.2"
  dependencies:
    fastify-plugin: ^3.0.0
    vary: ^1.1.2
  checksum: f600eb30d2259bf0277c3df72c73f09f6891f3984c62e1c9a7489f0d6b2ffb1749dbe9a79a05ad74b08a660c1a707c9fb7636c20b87d07eae0e6efd9c951fd03
  languageName: node
  linkType: hard

"fastify-error@npm:^0.3.0":
  version: 0.3.1
  resolution: "fastify-error@npm:0.3.1"
  checksum: fd6a0f6f87b5e4ab59a4d3d66124bd13830a1cf85cf1987259dfb1175fc6a4bcae68b076ad78f6bb06654f72af133b44813090e9ce5502d2ef56ddcb2b0fa867
  languageName: node
  linkType: hard

"fastify-plugin@npm:^3.0.0":
  version: 3.0.0
  resolution: "fastify-plugin@npm:3.0.0"
  checksum: 00324690789ee02f977ab58ba70d937e2e420a6813a6aa7ae3ba47e34022dc8ac40e15a36ab14a67d94474de984398b1c8b30279fb51d92966f5d3d3ebd1b6fa
  languageName: node
  linkType: hard

"fastify-warning@npm:^0.2.0":
  version: 0.2.0
  resolution: "fastify-warning@npm:0.2.0"
  checksum: c19ebccf54a3122877d2248400772ca98bacbabdf97826211ede29246c640d47431a2eebed1f52f9421139ed5e52e42d3bd4aefc46e27b6f34add3507529fd97
  languageName: node
  linkType: hard

"fastify@npm:^3.20.1":
  version: 3.20.1
  resolution: "fastify@npm:3.20.1"
  dependencies:
    "@fastify/ajv-compiler": ^1.0.0
    abstract-logging: ^2.0.0
    avvio: ^7.1.2
    fast-json-stringify: ^2.5.2
    fastify-error: ^0.3.0
    fastify-warning: ^0.2.0
    find-my-way: ^4.1.0
    flatstr: ^1.0.12
    light-my-request: ^4.2.0
    pino: ^6.13.0
    proxy-addr: ^2.0.7
    readable-stream: ^3.4.0
    rfdc: ^1.1.4
    secure-json-parse: ^2.0.0
    semver: ^7.3.2
    tiny-lru: ^7.0.0
  checksum: e6742daf0ff7aa95c21ee5ca3dc46c39f270d708981c8952b0e7cb35285c41f3b53ff59933e90169a6c813bbe65e34d0eed722b734dcad1681c1f9c5e691248e
  languageName: node
  linkType: hard

"fastq@npm:^1.6.1":
  version: 1.11.1
  resolution: "fastq@npm:1.11.1"
  dependencies:
    reusify: ^1.0.4
  checksum: 3877a63bee4f63af9277d6169a766804c9e1c7829a070b6843c5b799aa72177e71465427889c96510e5608c334dd3c912ab0b3ca70c1c8c4c1b03449d9f2c5ba
  languageName: node
  linkType: hard

"find-my-way@npm:^4.1.0":
  version: 4.3.3
  resolution: "find-my-way@npm:4.3.3"
  dependencies:
    fast-decode-uri-component: ^1.0.1
    fast-deep-equal: ^3.1.3
    safe-regex2: ^2.0.0
    semver-store: ^0.3.0
  checksum: c5f212d2d2a5e76be91a86409b2de9391a1c3cf5210d357facf0fe91d1e46608865aa2396a98a8d4772116bfae2eb0b05abe4efa725d5cf3cc9b9554bb34e048
  languageName: node
  linkType: hard

"flatstr@npm:^1.0.12":
  version: 1.0.12
  resolution: "flatstr@npm:1.0.12"
  checksum: e1bb562c94b119e958bf37e55738b172b5f8aaae6532b9660ecd877779f8559dbbc89613ba6b29ccc13447e14c59277d41450f785cf75c30df9fce62f459e9a8
  languageName: node
  linkType: hard

"forwarded@npm:0.2.0":
  version: 0.2.0
  resolution: "forwarded@npm:0.2.0"
  checksum: fd27e2394d8887ebd16a66ffc889dc983fbbd797d5d3f01087c020283c0f019a7d05ee85669383d8e0d216b116d720fc0cef2f6e9b7eb9f4c90c6e0bc7fd28e6
  languageName: node
  linkType: hard

"gaxios@npm:^4.0.0":
  version: 4.3.0
  resolution: "gaxios@npm:4.3.0"
  dependencies:
    abort-controller: ^3.0.0
    extend: ^3.0.2
    https-proxy-agent: ^5.0.0
    is-stream: ^2.0.0
    node-fetch: ^2.3.0
  checksum: a513faffe0183a3849c7edcb3350faa3c175a2709b2a49258301ca4ee39ca4657fa10981a968814796d18fb92ca9b2e1856fbebb837e90e36e965db52fa696f5
  languageName: node
  linkType: hard

"gcp-metadata@npm:^4.2.0":
  version: 4.3.0
  resolution: "gcp-metadata@npm:4.3.0"
  dependencies:
    gaxios: ^4.0.0
    json-bigint: ^1.0.0
  checksum: f0302a4e8fdf72b750336d9f008e2357e8092a307adb71317d8215249fb0a5b88b5ddbcf08eaf77387f8a1bd38c84de23fac80a1a77538d4f6643ad15754d5fc
  languageName: node
  linkType: hard

"get-caller-file@npm:^2.0.5":
  version: 2.0.5
  resolution: "get-caller-file@npm:2.0.5"
  checksum: b9769a836d2a98c3ee734a88ba712e62703f1df31b94b784762c433c27a386dd6029ff55c2a920c392e33657d80191edbf18c61487e198844844516f843496b9
  languageName: node
  linkType: hard

"google-auth-library@npm:^7.0.0, google-auth-library@npm:^7.6.1":
  version: 7.6.2
  resolution: "google-auth-library@npm:7.6.2"
  dependencies:
    arrify: ^2.0.0
    base64-js: ^1.3.0
    ecdsa-sig-formatter: ^1.0.11
    fast-text-encoding: ^1.0.0
    gaxios: ^4.0.0
    gcp-metadata: ^4.2.0
    gtoken: ^5.0.4
    jws: ^4.0.0
    lru-cache: ^6.0.0
  checksum: b562d072ed90955ee57a2c5890b2b5735c1a99f9f6c6301de855d01cd95c37ff2e3394ccb9b294837a75d483752a6ba766d43d5fe8a655eb669b9448c7e1de52
  languageName: node
  linkType: hard

"google-gax@npm:^2.24.1":
  version: 2.24.2
  resolution: "google-gax@npm:2.24.2"
  dependencies:
    "@grpc/grpc-js": ~1.3.0
    "@grpc/proto-loader": ^0.6.1
    "@types/long": ^4.0.0
    abort-controller: ^3.0.0
    duplexify: ^4.0.0
    fast-text-encoding: ^1.0.3
    google-auth-library: ^7.6.1
    is-stream-ended: ^0.1.4
    node-fetch: ^2.6.1
    object-hash: ^2.1.1
    proto3-json-serializer: ^0.1.1
    protobufjs: 6.11.2
    retry-request: ^4.0.0
  bin:
    compileProtos: build/tools/compileProtos.js
  checksum: 19e5d3bebc40b554ce403f2a313f529555b25ba21fba7da743a586d059921857fcbd8cee9034415b4c3cad9985f0c2e6ec702b6d73b1a5657a920d65cf964a47
  languageName: node
  linkType: hard

"google-p12-pem@npm:^3.0.3":
  version: 3.1.2
  resolution: "google-p12-pem@npm:3.1.2"
  dependencies:
    node-forge: ^0.10.0
  bin:
    gp12-pem: build/src/bin/gp12-pem.js
  checksum: 50456e1a7353e5c916940bb34b1b04e337311c6ad4dd39b97e03d19b14dbd187d3eb9d8d217672a87da063527e6e78f494cdee33cf9e0faaf81fee0d3f8722ca
  languageName: node
  linkType: hard

"gtoken@npm:^5.0.4":
  version: 5.3.1
  resolution: "gtoken@npm:5.3.1"
  dependencies:
    gaxios: ^4.0.0
    google-p12-pem: ^3.0.3
    jws: ^4.0.0
  checksum: 77466790270c9d0542788ec973d1d6acee51bde538ecef1cf797977ea81f73c4061ddf0e9cb2a49f8ea85df4c8302d4bf7853d993180e1c6fa34142ecfb4833d
  languageName: node
  linkType: hard

"https-proxy-agent@npm:^5.0.0":
  version: 5.0.0
  resolution: "https-proxy-agent@npm:5.0.0"
  dependencies:
    agent-base: 6
    debug: 4
  checksum: 165bfb090bd26d47693597661298006841ab733d0c7383a8cb2f17373387a94c903a3ac687090aa739de05e379ab6f868bae84ab4eac288ad85c328cd1ec9e53
  languageName: node
  linkType: hard

"inherits@npm:^2.0.3":
  version: 2.0.4
  resolution: "inherits@npm:2.0.4"
  checksum: 4a48a733847879d6cf6691860a6b1e3f0f4754176e4d71494c41f3475553768b10f84b5ce1d40fbd0e34e6bfbb864ee35858ad4dd2cf31e02fc4a154b724d7f1
  languageName: node
  linkType: hard

"ipaddr.js@npm:1.9.1":
  version: 1.9.1
  resolution: "ipaddr.js@npm:1.9.1"
  checksum: f88d3825981486f5a1942414c8d77dd6674dd71c065adcfa46f578d677edcb99fda25af42675cb59db492fdf427b34a5abfcde3982da11a8fd83a500b41cfe77
  languageName: node
  linkType: hard

"is-fullwidth-code-point@npm:^3.0.0":
  version: 3.0.0
  resolution: "is-fullwidth-code-point@npm:3.0.0"
  checksum: 44a30c29457c7fb8f00297bce733f0a64cd22eca270f83e58c105e0d015e45c019491a4ab2faef91ab51d4738c670daff901c799f6a700e27f7314029e99e348
  languageName: node
  linkType: hard

"is-stream-ended@npm:^0.1.4":
  version: 0.1.4
  resolution: "is-stream-ended@npm:0.1.4"
  checksum: 56cbc9cfa0a77877777a3df9e186abb5b0ca73dcbcaf0fd87ed573fb8f8e61283abec0fc072c9e3412336edc04449439b8a128d2bcc6c2797158de5465cfaf85
  languageName: node
  linkType: hard

"is-stream@npm:^2.0.0":
  version: 2.0.1
  resolution: "is-stream@npm:2.0.1"
  checksum: b8e05ccdf96ac330ea83c12450304d4a591f9958c11fd17bed240af8d5ffe08aedafa4c0f4cfccd4d28dc9d4d129daca1023633d5c11601a6cbc77521f6fae66
  languageName: node
  linkType: hard

"json-bigint@npm:^1.0.0":
  version: 1.0.0
  resolution: "json-bigint@npm:1.0.0"
  dependencies:
    bignumber.js: ^9.0.0
  checksum: c67bb93ccb3c291e60eb4b62931403e378906aab113ec1c2a8dd0f9a7f065ad6fd9713d627b732abefae2e244ac9ce1721c7a3142b2979532f12b258634ce6f6
  languageName: node
  linkType: hard

"json-schema-traverse@npm:^0.4.1":
  version: 0.4.1
  resolution: "json-schema-traverse@npm:0.4.1"
  checksum: 7486074d3ba247769fda17d5181b345c9fb7d12e0da98b22d1d71a5db9698d8b4bd900a3ec1a4ffdd60846fc2556274a5c894d0c48795f14cb03aeae7b55260b
  languageName: node
  linkType: hard

"jwa@npm:^2.0.0":
  version: 2.0.0
  resolution: "jwa@npm:2.0.0"
  dependencies:
    buffer-equal-constant-time: 1.0.1
    ecdsa-sig-formatter: 1.0.11
    safe-buffer: ^5.0.1
  checksum: 8f00b71ad5fe94cb55006d0d19202f8f56889109caada2f7eeb63ca81755769ce87f4f48101967f398462e3b8ae4faebfbd5a0269cb755dead5d63c77ba4d2f1
  languageName: node
  linkType: hard

"jws@npm:^4.0.0":
  version: 4.0.0
  resolution: "jws@npm:4.0.0"
  dependencies:
    jwa: ^2.0.0
    safe-buffer: ^5.0.1
  checksum: d68d07aa6d1b8cb35c363a9bd2b48f15064d342a5d9dc18a250dbbce8dc06bd7e4792516c50baa16b8d14f61167c19e851fd7f66b59ecc68b7f6a013759765f7
  languageName: node
  linkType: hard

"light-my-request@npm:^4.2.0":
  version: 4.4.1
  resolution: "light-my-request@npm:4.4.1"
  dependencies:
    ajv: ^6.12.2
    cookie: ^0.4.0
    fastify-warning: ^0.2.0
    readable-stream: ^3.6.0
    set-cookie-parser: ^2.4.1
  checksum: f701296c0ec67c400ee3b6dcb6320fdca2816eed64abd7a6a20a12afa70b0d8843737eda3c548f64838399ea30f1f938462815158854c83f9ff8266dee40d129
  languageName: node
  linkType: hard

"lodash.camelcase@npm:^4.3.0":
  version: 4.3.0
  resolution: "lodash.camelcase@npm:4.3.0"
  checksum: cb9227612f71b83e42de93eccf1232feeb25e705bdb19ba26c04f91e885bfd3dd5c517c4a97137658190581d3493ea3973072ca010aab7e301046d90740393d1
  languageName: node
  linkType: hard

"lodash.snakecase@npm:^4.1.1":
  version: 4.1.1
  resolution: "lodash.snakecase@npm:4.1.1"
  checksum: 1685ed3e83dda6eae5a4dcaee161a51cd210aabb3e1c09c57150e7dd8feda19e4ca0d27d0631eabe8d0f4eaa51e376da64e8c018ae5415417c5890d42feb72a8
  languageName: node
  linkType: hard

"long@npm:^4.0.0":
  version: 4.0.0
  resolution: "long@npm:4.0.0"
  checksum: 16afbe8f749c7c849db1f4de4e2e6a31ac6e617cead3bdc4f9605cb703cd20e1e9fc1a7baba674ffcca57d660a6e5b53a9e236d7b25a295d3855cca79cc06744
  languageName: node
  linkType: hard

"lru-cache@npm:^6.0.0":
  version: 6.0.0
  resolution: "lru-cache@npm:6.0.0"
  dependencies:
    yallist: ^4.0.0
  checksum: f97f499f898f23e4585742138a22f22526254fdba6d75d41a1c2526b3b6cc5747ef59c5612ba7375f42aca4f8461950e925ba08c991ead0651b4918b7c978297
  languageName: node
  linkType: hard

"ms@npm:2.1.2":
  version: 2.1.2
  resolution: "ms@npm:2.1.2"
  checksum: 673cdb2c3133eb050c745908d8ce632ed2c02d85640e2edb3ace856a2266a813b30c613569bf3354fdf4ea7d1a1494add3bfa95e2713baa27d0c2c71fc44f58f
  languageName: node
  linkType: hard

"node-fetch@npm:^2.3.0, node-fetch@npm:^2.6.1":
  version: 2.6.1
  resolution: "node-fetch@npm:2.6.1"
  checksum: 91075bedd57879117e310fbcc36983ad5d699e522edb1ebcdc4ee5294c982843982652925c3532729fdc86b2d64a8a827797a745f332040d91823c8752ee4d7c
  languageName: node
  linkType: hard

"node-forge@npm:^0.10.0":
  version: 0.10.0
  resolution: "node-forge@npm:0.10.0"
  checksum: 5aa6dc9922e424a20ef101d2f517418e2bc9cfc0255dd22e0701c0fad1568445f510ee67f6f3fcdf085812c4ca1b847b8ba45683b34776828e41f5c1794e42e1
  languageName: node
  linkType: hard

"object-hash@npm:^2.1.1":
  version: 2.2.0
  resolution: "object-hash@npm:2.2.0"
  checksum: 55ba841e3adce9c4f1b9b46b41983eda40f854e0d01af2802d3ae18a7085a17168d6b81731d43fdf1d6bcbb3c9f9c56d22c8fea992203ad90a38d7d919bc28f1
  languageName: node
  linkType: hard

"once@npm:^1.4.0":
  version: 1.4.0
  resolution: "once@npm:1.4.0"
  dependencies:
    wrappy: 1
  checksum: cd0a88501333edd640d95f0d2700fbde6bff20b3d4d9bdc521bdd31af0656b5706570d6c6afe532045a20bb8dc0849f8332d6f2a416e0ba6d3d3b98806c7db68
  languageName: node
  linkType: hard

"p-defer@npm:^3.0.0":
  version: 3.0.0
  resolution: "p-defer@npm:3.0.0"
  checksum: ac3b0976a1c76b67cca1a34e00f7299b0cc230891f820749686aa84f8947326bbe0f8e3b7d9ca511578ee06f0c1a6e0ff68c8e9c325eac455f09d99f91697161
  languageName: node
  linkType: hard

"pino-std-serializers@npm:^3.1.0":
  version: 3.2.0
  resolution: "pino-std-serializers@npm:3.2.0"
  checksum: 77e29675b116e42ae9fe6d4ef52ef3a082ffc54922b122d85935f93ddcc20277f0b0c873c5c6c5274a67b0409c672aaae3de6bcea10a2d84699718dda55ba95b
  languageName: node
  linkType: hard

"pino@npm:^6.13.0":
  version: 6.13.0
  resolution: "pino@npm:6.13.0"
  dependencies:
    fast-redact: ^3.0.0
    fast-safe-stringify: ^2.0.8
    flatstr: ^1.0.12
    pino-std-serializers: ^3.1.0
    quick-format-unescaped: ^4.0.3
    sonic-boom: ^1.0.2
  bin:
    pino: bin.js
  checksum: 7145de4287f03bc3f7ff4de0cdacfcfea9d843e5759c90f95f6a245b6898964387f6bd24813749333c23684186bc79d91a2d03f28512f2c4a3f8bc6773316a1c
  languageName: node
  linkType: hard

"proto3-json-serializer@npm:^0.1.1":
  version: 0.1.3
  resolution: "proto3-json-serializer@npm:0.1.3"
  checksum: d1941fadc1d7efe1cbe965b4e19b29f40857ab6cceb0b82d5de672475092c35ef4e62e39e8fe39c9040dd76853bde4d0b47cfac3d2b04680a3d4019e98993cf4
  languageName: node
  linkType: hard

"protobufjs@npm:6.11.2, protobufjs@npm:^6.10.0":
  version: 6.11.2
  resolution: "protobufjs@npm:6.11.2"
  dependencies:
    "@protobufjs/aspromise": ^1.1.2
    "@protobufjs/base64": ^1.1.2
    "@protobufjs/codegen": ^2.0.4
    "@protobufjs/eventemitter": ^1.1.0
    "@protobufjs/fetch": ^1.1.0
    "@protobufjs/float": ^1.0.2
    "@protobufjs/inquire": ^1.1.0
    "@protobufjs/path": ^1.1.2
    "@protobufjs/pool": ^1.1.0
    "@protobufjs/utf8": ^1.1.0
    "@types/long": ^4.0.1
    "@types/node": ">=13.7.0"
    long: ^4.0.0
  bin:
    pbjs: bin/pbjs
    pbts: bin/pbts
  checksum: 80e9d9610c3eb66f9eae4e44a1ae30381cedb721b7d5f635d781fe4c507e2c77bb7c879addcd1dda79733d3ae589d9e66fd18d42baf99b35df7382a0f9920795
  languageName: node
  linkType: hard

"proxy-addr@npm:^2.0.7":
  version: 2.0.7
  resolution: "proxy-addr@npm:2.0.7"
  dependencies:
    forwarded: 0.2.0
    ipaddr.js: 1.9.1
  checksum: 29c6990ce9364648255454842f06f8c46fcd124d3e6d7c5066df44662de63cdc0bad032e9bf5a3d653ff72141cc7b6019873d685708ac8210c30458ad99f2b74
  languageName: node
  linkType: hard

"punycode@npm:^2.1.0":
  version: 2.1.1
  resolution: "punycode@npm:2.1.1"
  checksum: 823bf443c6dd14f669984dea25757b37993f67e8d94698996064035edd43bed8a5a17a9f12e439c2b35df1078c6bec05a6c86e336209eb1061e8025c481168e8
  languageName: node
  linkType: hard

"queue-microtask@npm:^1.1.2":
  version: 1.2.3
  resolution: "queue-microtask@npm:1.2.3"
  checksum: b676f8c040cdc5b12723ad2f91414d267605b26419d5c821ff03befa817ddd10e238d22b25d604920340fd73efd8ba795465a0377c4adf45a4a41e4234e42dc4
  languageName: node
  linkType: hard

"quick-format-unescaped@npm:^4.0.3":
  version: 4.0.3
  resolution: "quick-format-unescaped@npm:4.0.3"
  checksum: 28dd3f3fbfec385cdca779e905d48c1a4623ee1f8071f060c7b38625eded5b5472433ae38ec09b8f8d968b443dfda7aa156811c59c4dfe0b52b73c3bc6d714ed
  languageName: node
  linkType: hard

"readable-stream@npm:^3.1.1, readable-stream@npm:^3.4.0, readable-stream@npm:^3.6.0":
  version: 3.6.0
  resolution: "readable-stream@npm:3.6.0"
  dependencies:
    inherits: ^2.0.3
    string_decoder: ^1.1.1
    util-deprecate: ^1.0.1
  checksum: d4ea81502d3799439bb955a3a5d1d808592cf3133350ed352aeaa499647858b27b1c4013984900238b0873ec8d0d8defce72469fb7a83e61d53f5ad61cb80dc8
  languageName: node
  linkType: hard

"require-directory@npm:^2.1.1":
  version: 2.1.1
  resolution: "require-directory@npm:2.1.1"
  checksum: fb47e70bf0001fdeabdc0429d431863e9475e7e43ea5f94ad86503d918423c1543361cc5166d713eaa7029dd7a3d34775af04764bebff99ef413111a5af18c80
  languageName: node
  linkType: hard

"ret@npm:~0.2.0":
  version: 0.2.2
  resolution: "ret@npm:0.2.2"
  checksum: 774964bb413a3525e687bca92d81c1cd75555ec33147c32ecca22f3d06409e35df87952cfe3d57afff7650a0f7e42139cf60cb44e94c29dde390243bc1941f16
  languageName: node
  linkType: hard

"retry-request@npm:^4.0.0":
  version: 4.2.2
  resolution: "retry-request@npm:4.2.2"
  dependencies:
    debug: ^4.1.1
    extend: ^3.0.2
  checksum: 392b6bcb3b5b15868cb67fbdf7cfa365ec9d4b5f2034f194598b1aa4f05bf815e5a331a5b58d70deef69b7d0d61803ea3c2733153be6262142e43523499e0135
  languageName: node
  linkType: hard

"reusify@npm:^1.0.4":
  version: 1.0.4
  resolution: "reusify@npm:1.0.4"
  checksum: c3076ebcc22a6bc252cb0b9c77561795256c22b757f40c0d8110b1300723f15ec0fc8685e8d4ea6d7666f36c79ccc793b1939c748bf36f18f542744a4e379fcc
  languageName: node
  linkType: hard

"rfdc@npm:^1.1.4, rfdc@npm:^1.2.0":
  version: 1.3.0
  resolution: "rfdc@npm:1.3.0"
  checksum: fb2ba8512e43519983b4c61bd3fa77c0f410eff6bae68b08614437bc3f35f91362215f7b4a73cbda6f67330b5746ce07db5dd9850ad3edc91271ad6deea0df32
  languageName: node
  linkType: hard

"safe-buffer@npm:^5.0.1, safe-buffer@npm:~5.2.0":
  version: 5.2.1
  resolution: "safe-buffer@npm:5.2.1"
  checksum: b99c4b41fdd67a6aaf280fcd05e9ffb0813654894223afb78a31f14a19ad220bba8aba1cb14eddce1fcfb037155fe6de4e861784eb434f7d11ed58d1e70dd491
  languageName: node
  linkType: hard

"safe-regex2@npm:^2.0.0":
  version: 2.0.0
  resolution: "safe-regex2@npm:2.0.0"
  dependencies:
    ret: ~0.2.0
  checksum: f5e182fca040dedd50ae052ea0eb035d9903b2db71243d5d8b43299735857288ef2ab52546a368d9c6fd1333b2a0d039297925e78ffc14845354f3f6158af7c2
  languageName: node
  linkType: hard

"secure-json-parse@npm:^2.0.0":
  version: 2.4.0
  resolution: "secure-json-parse@npm:2.4.0"
  checksum: efaafcaa08a4646ca829b29168474f57fb289a0ca7a1d77b66b55a0292785bc6eb9143b21cfc50b37dd12a823c25b12aa1771f18314ed5a616a1f8f12a318533
  languageName: node
  linkType: hard

"semver-store@npm:^0.3.0":
  version: 0.3.0
  resolution: "semver-store@npm:0.3.0"
  checksum: b38f747123e850191526a912657c653c7e5963d164a8daf99e52aa30bc8c5bdac176dc6dab714e17a1a8489ac138c18ff7161b1961f1882888bce637990442dd
  languageName: node
  linkType: hard

"semver@npm:^7.3.2":
  version: 7.3.5
  resolution: "semver@npm:7.3.5"
  dependencies:
    lru-cache: ^6.0.0
  bin:
    semver: bin/semver.js
  checksum: 5eafe6102bea2a7439897c1856362e31cc348ccf96efd455c8b5bc2c61e6f7e7b8250dc26b8828c1d76a56f818a7ee907a36ae9fb37a599d3d24609207001d60
  languageName: node
  linkType: hard

"set-cookie-parser@npm:^2.4.1":
  version: 2.4.8
  resolution: "set-cookie-parser@npm:2.4.8"
  checksum: e15b5df9a56ab06d4895286033a6aff7b318ad024310df058b5821b3539cc06f716ef529618cac0dd78df40e37830de715f388c0f97f84062dd9be2326efcd0c
  languageName: node
  linkType: hard

"simple-echo-api@workspace:.":
  version: 0.0.0-use.local
  resolution: "simple-echo-api@workspace:."
  dependencies:
    "@google-cloud/pubsub": ^2.16.6
    "@tsconfig/node14": ^1.0.1
    "@types/node": ^16.6.1
    dotenv: ^10.0.0
    fastify: ^3.20.1
    fastify-cors: ^6.0.2
    source-map-support: ^0.5.19
    typescript: ^4.3.5
  languageName: unknown
  linkType: soft

"sonic-boom@npm:^1.0.2":
  version: 1.4.1
  resolution: "sonic-boom@npm:1.4.1"
  dependencies:
    atomic-sleep: ^1.0.0
    flatstr: ^1.0.12
  checksum: 189fa8fe5c2dc05d3513fc1a4926a2f16f132fa6fa0b511745a436010cdcd9c1d3b3cb6a9d7c05bd32a965dc77673a5ac0eb0992e920bdedd16330d95323124f
  languageName: node
  linkType: hard

"source-map-support@npm:^0.5.19":
  version: 0.5.19
  resolution: "source-map-support@npm:0.5.19"
  dependencies:
    buffer-from: ^1.0.0
    source-map: ^0.6.0
  checksum: c72802fdba9cb62b92baef18cc14cc4047608b77f0353e6c36dd993444149a466a2845332c5540d4a6630957254f0f68f4ef5a0120c33d2e83974c51a05afbac
  languageName: node
  linkType: hard

"source-map@npm:^0.6.0":
  version: 0.6.1
  resolution: "source-map@npm:0.6.1"
  checksum: 59ce8640cf3f3124f64ac289012c2b8bd377c238e316fb323ea22fbfe83da07d81e000071d7242cad7a23cd91c7de98e4df8830ec3f133cb6133a5f6e9f67bc2
  languageName: node
  linkType: hard

"stream-shift@npm:^1.0.0":
  version: 1.0.1
  resolution: "stream-shift@npm:1.0.1"
  checksum: 59b82b44b29ec3699b5519a49b3cedcc6db58c72fb40c04e005525dfdcab1c75c4e0c180b923c380f204bed78211b9bad8faecc7b93dece4d004c3f6ec75737b
  languageName: node
  linkType: hard

"string-similarity@npm:^4.0.1":
  version: 4.0.4
  resolution: "string-similarity@npm:4.0.4"
  checksum: 797b41b24e1eb6b3b0ab896950b58c295a19a82933479c75f7b5279ffb63e0b456a8c8d10329c02f607ca1a50370e961e83d552aa468ff3b0fa15809abc9eff7
  languageName: node
  linkType: hard

"string-width@npm:^4.1.0, string-width@npm:^4.2.0":
  version: 4.2.2
  resolution: "string-width@npm:4.2.2"
  dependencies:
    emoji-regex: ^8.0.0
    is-fullwidth-code-point: ^3.0.0
    strip-ansi: ^6.0.0
  checksum: 343e089b0e66e0f72aab4ad1d9b6f2c9cc5255844b0c83fd9b53f2a3b3fd0421bdd6cb05be96a73117eb012db0887a6c1d64ca95aaa50c518e48980483fea0ab
  languageName: node
  linkType: hard

"string_decoder@npm:^1.1.1":
  version: 1.3.0
  resolution: "string_decoder@npm:1.3.0"
  dependencies:
    safe-buffer: ~5.2.0
  checksum: 8417646695a66e73aefc4420eb3b84cc9ffd89572861fe004e6aeb13c7bc00e2f616247505d2dbbef24247c372f70268f594af7126f43548565c68c117bdeb56
  languageName: node
  linkType: hard

"strip-ansi@npm:^6.0.0":
  version: 6.0.0
  resolution: "strip-ansi@npm:6.0.0"
  dependencies:
    ansi-regex: ^5.0.0
  checksum: 04c3239ede44c4d195b0e66c0ad58b932f08bec7d05290416d361ff908ad282ecdaf5d9731e322c84f151d427436bde01f05b7422c3ec26dd927586736b0e5d0
  languageName: node
  linkType: hard

"tiny-lru@npm:^7.0.0":
  version: 7.0.6
  resolution: "tiny-lru@npm:7.0.6"
  checksum: 36a786a9111a3a358a698c9404783ad3f5396f6ed891672ffa4cd7dec4617abb8dfed6af7611bbaf8a3942a9475534c8b80f9bd58d7efa9aa594f395c9805f09
  languageName: node
  linkType: hard

typescript@^4.3.5:
  version: 4.3.5
  resolution: "typescript@npm:4.3.5"
  bin:
    tsc: bin/tsc
    tsserver: bin/tsserver
  checksum: bab033b5e2b0790dd35b77fd005df976ef80b8d84fd2c6e63cc31808151875beae9216e5a315fe7068e8499905c3c354248fe83272cdfc13b7705635f0c66c97
  languageName: node
  linkType: hard

"typescript@patch:typescript@^4.3.5#~builtin<compat/typescript>":
  version: 4.3.5
  resolution: "typescript@patch:typescript@npm%3A4.3.5#~builtin<compat/typescript>::version=4.3.5&hash=d8b4e7"
  bin:
    tsc: bin/tsc
    tsserver: bin/tsserver
  checksum: bc2c4fdf0f1557fdafe4ef74848c72ebd9c8c60829568248f869121aea2bb20e16649a252431d0acb185ec118143be22bed73d08f64379557810d82756afedde
  languageName: node
  linkType: hard

"uri-js@npm:^4.2.2":
  version: 4.4.1
  resolution: "uri-js@npm:4.4.1"
  dependencies:
    punycode: ^2.1.0
  checksum: 7167432de6817fe8e9e0c9684f1d2de2bb688c94388f7569f7dbdb1587c9f4ca2a77962f134ec90be0cc4d004c939ff0d05acc9f34a0db39a3c797dada262633
  languageName: node
  linkType: hard

"util-deprecate@npm:^1.0.1":
  version: 1.0.2
  resolution: "util-deprecate@npm:1.0.2"
  checksum: 474acf1146cb2701fe3b074892217553dfcf9a031280919ba1b8d651a068c9b15d863b7303cb15bd00a862b498e6cf4ad7b4a08fb134edd5a6f7641681cb54a2
  languageName: node
  linkType: hard

"vary@npm:^1.1.2":
  version: 1.1.2
  resolution: "vary@npm:1.1.2"
  checksum: ae0123222c6df65b437669d63dfa8c36cee20a504101b2fcd97b8bf76f91259c17f9f2b4d70a1e3c6bbcee7f51b28392833adb6b2770b23b01abec84e369660b
  languageName: node
  linkType: hard

"wrap-ansi@npm:^7.0.0":
  version: 7.0.0
  resolution: "wrap-ansi@npm:7.0.0"
  dependencies:
    ansi-styles: ^4.0.0
    string-width: ^4.1.0
    strip-ansi: ^6.0.0
  checksum: a790b846fd4505de962ba728a21aaeda189b8ee1c7568ca5e817d85930e06ef8d1689d49dbf0e881e8ef84436af3a88bc49115c2e2788d841ff1b8b5b51a608b
  languageName: node
  linkType: hard

"wrappy@npm:1":
  version: 1.0.2
  resolution: "wrappy@npm:1.0.2"
  checksum: 159da4805f7e84a3d003d8841557196034155008f817172d4e986bd591f74aa82aa7db55929a54222309e01079a65a92a9e6414da5a6aa4b01ee44a511ac3ee5
  languageName: node
  linkType: hard

"y18n@npm:^5.0.5":
  version: 5.0.8
  resolution: "y18n@npm:5.0.8"
  checksum: 54f0fb95621ee60898a38c572c515659e51cc9d9f787fb109cef6fde4befbe1c4602dc999d30110feee37456ad0f1660fa2edcfde6a9a740f86a290999550d30
  languageName: node
  linkType: hard

"yallist@npm:^4.0.0":
  version: 4.0.0
  resolution: "yallist@npm:4.0.0"
  checksum: 343617202af32df2a15a3be36a5a8c0c8545208f3d3dfbc6bb7c3e3b7e8c6f8e7485432e4f3b88da3031a6e20afa7c711eded32ddfb122896ac5d914e75848d5
  languageName: node
  linkType: hard

"yargs-parser@npm:^20.2.2":
  version: 20.2.9
  resolution: "yargs-parser@npm:20.2.9"
  checksum: 8bb69015f2b0ff9e17b2c8e6bfe224ab463dd00ca211eece72a4cd8a906224d2703fb8a326d36fdd0e68701e201b2a60ed7cf81ce0fd9b3799f9fe7745977ae3
  languageName: node
  linkType: hard

"yargs@npm:^16.1.1":
  version: 16.2.0
  resolution: "yargs@npm:16.2.0"
  dependencies:
    cliui: ^7.0.2
    escalade: ^3.1.1
    get-caller-file: ^2.0.5
    require-directory: ^2.1.1
    string-width: ^4.2.0
    y18n: ^5.0.5
    yargs-parser: ^20.2.2
  checksum: b14afbb51e3251a204d81937c86a7e9d4bdbf9a2bcee38226c900d00f522969ab675703bee2a6f99f8e20103f608382936034e64d921b74df82b63c07c5e8f59
  languageName: node
  linkType: hard
